{
  "object": {
    "pins": [
      {
        "package": "PythonLib",
        "repositoryURL": "https://github.com/PythonSwiftLink/PythonLib",
        "state": {
          "branch": "main",
          "revision": "79cc37ebd91cfb15546cda5ab22f2462b7c39587",
          "version": null
        }
      }
    ]
  },
  "version": 1
}
